
Microsoft Visual Studio Solution File, Format Version 12.00
# Visual Studio Version 16
VisualStudioVersion = 16.0.30503.244
MinimumVisualStudioVersion = 10.0.40219.1
Project("{FAE04EC0-301F-11D3-BF4B-00C04F79EFBC}") = "Azul_atestat", "Azul_atestat.csproj", "{EB7856FD-FCD2-4363-A05E-6868B80BA549}"
EndProject
Global
	GlobalSection(SolutionConfigurationPlatforms) = preSolution
		Debug|Any CPU = Debug|Any CPU
		Release|Any CPU = Release|Any CPU
	EndGlobalSection
	GlobalSection(ProjectConfigurationPlatforms) = postSolution
		{EB7856FD-FCD2-4363-A05E-6868B80BA549}.Debug|Any CPU.ActiveCfg = Debug|Any CPU
		{EB7856FD-FCD2-4363-A05E-6868B80BA549}.Debug|Any CPU.Build.0 = Debug|Any CPU
		{EB7856FD-FCD2-4363-A05E-6868B80BA549}.Release|Any CPU.ActiveCfg = Release|Any CPU
		{EB7856FD-FCD2-4363-A05E-6868B80BA549}.Release|Any CPU.Build.0 = Release|Any CPU
	EndGlobalSection
	GlobalSection(SolutionProperties) = preSolution
		HideSolutionNode = FALSE
	EndGlobalSection
	GlobalSection(ExtensibilityGlobals) = postSolution
		SolutionGuid = {08B99977-6D34-461A-BC56-D44A7A3F900E}
	EndGlobalSection
EndGlobal
